// !$*UTF8*$!
{
	archiveVersion = 1;
	classes = {
	};
	objectVersion = 48;
	objects = {

/* Begin PBXBuildFile section */
		FEF9865B1F9CD0E9008DC4F7 /* AppDelegate.swift in Sources */ = {isa = PBXBuildFile; fileRef = FEF9865A1F9CD0E9008DC4F7 /* AppDelegate.swift */; };
		FEF9865D1F9CD0E9008DC4F7 /* ViewController.swift in Sources */ = {isa = PBXBuildFile; fileRef = FEF9865C1F9CD0E9008DC4F7 /* ViewController.swift */; };
		FEF986601F9CD0E9008DC4F7 /* Main.storyboard in Resources */ = {isa = PBXBuildFile; fileRef = FEF9865E1F9CD0E9008DC4F7 /* Main.storyboard */; };
		FEF986621F9CD0E9008DC4F7 /* Assets.xcassets in Resources */ = {isa = PBXBuildFile; fileRef = FEF986611F9CD0E9008DC4F7 /* Assets.xcassets */; };
		FEF986651F9CD0E9008DC4F7 /* LaunchScreen.storyboard in Resources */ = {isa = PBXBuildFile; fileRef = FEF986631F9CD0E9008DC4F7 /* LaunchScreen.storyboard */; };
/* End PBXBuildFile section */

/* Begin PBXFileReference section */
		FEF986571F9CD0E9008DC4F7 /* dev-profile.app */ = {isa = PBXFileReference; explicitFileType = wrapper.application; includeInIndex = 0; path = "dev-profile.app"; sourceTree = BUILT_PRODUCTS_DIR; };
		FEF9865A1F9CD0E9008DC4F7 /* AppDelegate.swift */ = {isa = PBXFileReference; lastKnownFileType = sourcecode.swift; path = AppDelegate.swift; sourceTree = "<group>"; };
		FEF9865C1F9CD0E9008DC4F7 /* ViewController.swift */ = {isa = PBXFileReference; lastKnownFileType = sourcecode.swift; path = ViewController.swift; sourceTree = "<group>"; };
		FEF9865F1F9CD0E9008DC4F7 /* Base */ = {isa = PBXFileReference; lastKnownFileType = file.storyboard; name = Base; path = Base.lproj/Main.storyboard; sourceTree = "<group>"; };
		FEF986611F9CD0E9008DC4F7 /* Assets.xcassets */ = {isa = PBXFileReference; lastKnownFileType = folder.assetcatalog; path = Assets.xcassets; sourceTree = "<group>"; };
		FEF986641F9CD0E9008DC4F7 /* Base */ = {isa = PBXFileReference; lastKnownFileType = file.storyboard; name = Base; path = Base.lproj/LaunchScreen.storyboard; sourceTree = "<group>"; };
		FEF986661F9CD0E9008DC4F7 /* Info.plist */ = {isa = PBXFileReference; lastKnownFileType = text.plist.xml; path = Info.plist; sourceTree = "<group>"; };
/* End PBXFileReference section */

/* Begin PBXFrameworksBuildPhase section */
		FEF986541F9CD0E9008DC4F7 /* Frameworks */ = {
			isa = PBXFrameworksBuildPhase;
			buildActionMask = 2147483647;
			files = (
			);
			runOnlyForDeploymentPostprocessing = 0;
		};
/* End PBXFrameworksBuildPhase section */

/* Begin PBXGroup section */
		FEF9864E1F9CD0E9008DC4F7 = {
			isa = PBXGroup;
			children = (
				FEF986591F9CD0E9008DC4F7 /* dev-profile */,
				FEF986581F9CD0E9008DC4F7 /* Products */,
			);
			sourceTree = "<group>";
		};
		FEF986581F9CD0E9008DC4F7 /* Products */ = {
			isa = PBXGroup;
			children = (
				FEF986571F9CD0E9008DC4F7 /* dev-profile.app */,
			);
			name = Products;
			sourceTree = "<group>";
		};
		FEF986591F9CD0E9008DC4F7 /* dev-profile */ = {
			isa = PBXGroup;
			children = (
				FEF9865A1F9CD0E9008DC4F7 /* AppDelegate.swift */,
				FEF9865C1F9CD0E9008DC4F7 /* ViewController.swift */,
				FEF9865E1F9CD0E9008DC4F7 /* Main.storyboard */,
				FEF986611F9CD0E9008DC4F7 /* Assets.xcassets */,
				FEF986631F9CD0E9008DC4F7 /* LaunchScreen.storyboard */,
				FEF986661F9CD0E9008DC4F7 /* Info.plist */,
			);
			path = "dev-profile";
			sourceTree = "<group>";
		};
/* End PBXGroup section */

/* Begin PBXNativeTarget section */
		FEF986561F9CD0E9008DC4F7 /* dev-profile */ = {
			isa = PBXNativeTarget;
			buildConfigurationList = FEF986691F9CD0E9008DC4F7 /* Build configuration list for PBXNativeTarget "dev-profile" */;
			buildPhases = (
				FEF986531F9CD0E9008DC4F7 /* Sources */,
				FEF986541F9CD0E9008DC4F7 /* Frameworks */,
				FEF986551F9CD0E9008DC4F7 /* Resources */,
			);
			buildRules = (
			);
			dependencies = (
			);
			name = "dev-profile";
			productName = "dev-profile";
			productReference = FEF986571F9CD0E9008DC4F7 /* dev-profile.app */;
			productType = "com.apple.product-type.application";
		};
/* End PBXNativeTarget section */

/* Begin PBXProject section */
		FEF9864F1F9CD0E9008DC4F7 /* Project object */ = {
			isa = PBXProject;
			attributes = {
				LastSwiftUpdateCheck = 0900;
				LastUpgradeCheck = 0900;
				ORGANIZATIONNAME = "Shay Paustovsky";
				TargetAttributes = {
					FEF986561F9CD0E9008DC4F7 = {
						CreatedOnToolsVersion = 9.0;
						ProvisioningStyle = Automatic;
					};
				};
			};
			buildConfigurationList = FEF986521F9CD0E9008DC4F7 /* Build configuration list for PBXProject "dev-profile" */;
			compatibilityVersion = "Xcode 8.0";
			developmentRegion = en;
			hasScannedForEncodings = 0;
			knownRegions = (
				en,
				Base,
			);
			mainGroup = FEF9864E1F9CD0E9008DC4F7;
			productRefGroup = FEF986581F9CD0E9008DC4F7 /* Products */;
			projectDirPath = "";
			projectRoot = "";
			targets = (
				FEF986561F9CD0E9008DC4F7 /* dev-profile */,
			);
		};
/* End PBXProject section */

/* Begin PBXResourcesBuildPhase section */
		FEF986551F9CD0E9008DC4F7 /* Resources */ = {
			isa = PBXResourcesBuildPhase;
			buildActionMask = 2147483647;
			files = (
				FEF986651F9CD0E9008DC4F7 /* LaunchScreen.storyboard in Resources */,
				FEF986621F9CD0E9008DC4F7 /* Assets.xcassets in Resources */,
				FEF986601F9CD0E9008DC4F7 /* Main.storyboard in Resources */,
			);
			runOnlyForDeploymentPostprocessing = 0;
		};
/* End PBXResourcesBuildPhase section */

/* Begin PBXSourcesBuildPhase section */
		FEF986531F9CD0E9008DC4F7 /* Sources */ = {
			isa = PBXSourcesBuildPhase;
			buildActionMask = 2147483647;
			files = (
				FEF9865D1F9CD0E9008DC4F7 /* ViewController.swift in Sources */,
				FEF9865B1F9CD0E9008DC4F7 /* AppDelegate.swift in Sources */,
			);
			runOnlyForDeploymentPostprocessing = 0;
		};
/* End PBXSourcesBuildPhase section */

/* Begin PBXVariantGroup section */
		FEF9865E1F9CD0E9008DC4F7 /* Main.storyboard */ = {
			isa = PBXVariantGroup;
			children = (
				FEF9865F1F9CD0E9008DC4F7 /* Base */,
			);
			name = Main.storyboard;
			sourceTree = "<group>";
		};
		FEF986631F9CD0E9008DC4F7 /* LaunchScreen.storyboard */ = {
			isa = PBXVariantGroup;
			children = (
				FEF986641F9CD0E9008DC4F7 /* Base */,
			);
			name = LaunchScreen.storyboard;
			sourceTree = "<group>";
		};
/* End PBXVariantGroup section */

/* Begin XCBuildConfiguration section */
		FEF986671F9CD0E9008DC4F7 /* Debug */ = {
			isa = XCBuildConfiguration;
			buildSettings = {
				ALWAYS_SEARCH_USER_PATHS = NO;
				CLANG_ANALYZER_NONNULL = YES;
				CLANG_ANALYZER_NUMBER_OBJECT_CONVERSION = YES_AGGRESSIVE;
				CLANG_CXX_LANGUAGE_STANDARD = "gnu++14";
				CLANG_CXX_LIBRARY = "libc++";
				CLANG_ENABLE_MODULES = YES;
				CLANG_ENABLE_OBJC_ARC = YES;
				CLANG_WARN_BLOCK_CAPTURE_AUTORELEASING = YES;
				CLANG_WARN_BOOL_CONVERSION = YES;
				CLANG_WARN_COMMA = YES;
				CLANG_WARN_CONSTANT_CONVERSION = YES;
				CLANG_WARN_DIRECT_OBJC_ISA_USAGE = YES_ERROR;
				CLANG_WARN_DOCUMENTATION_COMMENTS = YES;
				CLANG_WARN_EMPTY_BODY = YES;
				CLANG_WARN_ENUM_CONVERSION = YES;
				CLANG_WARN_INFINITE_RECURSION = YES;
				CLANG_WARN_INT_CONVERSION = YES;
				CLANG_WARN_NON_LITERAL_NULL_CONVERSION = YES;
				CLANG_WARN_OBJC_LITERAL_CONVERSION = YES;
				CLANG_WARN_OBJC_ROOT_CLASS = YES_ERROR;
				CLANG_WARN_RANGE_LOOP_ANALYSIS = YES;
				CLANG_WARN_STRICT_PROTOTYPES = YES;
				CLANG_WARN_SUSPICIOUS_MOVE = YES;
				CLANG_WARN_UNGUARDED_AVAILABILITY = YES_AGGRESSIVE;
				CLANG_WARN_UNREACHABLE_CODE = YES;
				CLANG_WARN__DUPLICATE_METHOD_MATCH = YES;
				CODE_SIGN_IDENTITY = "iPhone Developer";
				COPY_PHASE_STRIP = NO;
				DEBUG_INFORMATION_FORMAT = dwarf;
				ENABLE_STRICT_OBJC_MSGSEND = YES;
				ENABLE_TESTABILITY = YES;
				GCC_C_LANGUAGE_STANDARD = gnu11;
				GCC_DYNAMIC_NO_PIC = NO;
				GCC_NO_COMMON_BLOCKS = YES;
				GCC_OPTIMIZATION_LEVEL = 0;
				GCC_PREPROCESSOR_DEFINITIONS = (
					"DEBUG=1",
					"$(inherited)",
				);
				GCC_WARN_64_TO_32_BIT_CONVERSION = YES;
				GCC_WARN_ABOUT_RETURN_TYPE = YES_ERROR;
				GCC_WARN_UNDECLARED_SELECTOR = YES;
				GCC_WARN_UNINITIALIZED_AUTOS = YES_AGGRESSIVE;
				GCC_WARN_UNUSED_FUNCTION = YES;
				GCC_WARN_UNUSED_VARIABLE = YES;
				IPHONEOS_DEPLOYMENT_TARGET = 11.0;
				MTL_ENABLE_DEBUG_INFO = YES;
				ONLY_ACTIVE_ARCH = YES;
				SDKROOT = iphoneos;
				SWIFT_ACTIVE_COMPILATION_CONDITIONS = DEBUG;
				SWIFT_OPTIMIZATION_LEVEL = "-Onone";
			};
			name = Debug;
		};
		FEF986681F9CD0E9008DC4F7 /* Release */ = {
			isa = XCBuildConfiguration;
			buildSettings = {
				ALWAYS_SEARCH_USER_PATHS = NO;
				CLANG_ANALYZER_NONNULL = YES;
				CLANG_ANALYZER_NUMBER_OBJECT_CONVERSION = YES_AGGRESSIVE;
				CLANG_CXX_LANGUAGE_STANDARD = "gnu++14";
				CLANG_CXX_LIBRARY = "libc++";
				CLANG_ENABLE_MODULES = YES;
				CLANG_ENABLE_OBJC_ARC = YES;
				CLANG_WARN_BLOCK_CAPTURE_AUTORELEASING = YES;
				CLANG_WARN_BOOL_CONVERSION = YES;
				CLANG_WARN_COMMA = YES;
				CLANG_WARN_CONSTANT_CONVERSION = YES;
				CLANG_WARN_DIRECT_OBJC_ISA_USAGE = YES_ERROR;
				CLANG_WARN_DOCUMENTATION_COMMENTS = YES;
				CLANG_WARN_EMPTY_BODY = YES;
				CLANG_WARN_ENUM_CONVERSION = YES;
				CLANG_WARN_INFINITE_RECURSION = YES;
				CLANG_WARN_INT_CONVERSION = YES;
				CLANG_WARN_NON_LITERAL_NULL_CONVERSION = YES;
				CLANG_WARN_OBJC_LITERAL_CONVERSION = YES;
				CLANG_WARN_OBJC_ROOT_CLASS = YES_ERROR;
				CLANG_WARN_RANGE_LOOP_ANALYSIS = YES;
				CLANG_WARN_STRICT_PROTOTYPES = YES;
				CLANG_WARN_SUSPICIOUS_MOVE = YES;
				CLANG_WARN_UNGUARDED_AVAILABILITY = YES_AGGRESSIVE;
				CLANG_WARN_UNREACHABLE_CODE = YES;
				CLANG_WARN__DUPLICATE_METHOD_MATCH = YES;
				CODE_SIGN_IDENTITY = "iPhone Developer";
				COPY_PHASE_STRIP = NO;
				DEBUG_INFORMATION_FORMAT = "dwarf-with-dsym";
				ENABLE_NS_ASSERTIONS = NO;
				ENABLE_STRICT_OBJC_MSGSEND = YES;
				GCC_C_LANGUAGE_STANDARD = gnu11;
				GCC_NO_COMMON_BLOCKS = YES;
				GCC_WARN_64_TO_32_BIT_CONVERSION = YES;
				GCC_WARN_ABOUT_RETURN_TYPE = YES_ERROR;
				GCC_WARN_UNDECLARED_SELECTOR = YES;
				GCC_WARN_UNINITIALIZED_AUTOS = YES_AGGRESSIVE;
				GCC_WARN_UNUSED_FUNCTION = YES;
				GCC_WARN_UNUSED_VARIABLE = YES;
				IPHONEOS_DEPLOYMENT_TARGET = 11.0;
				MTL_ENABLE_DEBUG_INFO = NO;
				SDKROOT = iphoneos;
				SWIFT_OPTIMIZATION_LEVEL = "-Owholemodule";
				VALIDATE_PRODUCT = YES;
			};
			name = Release;
		};
		FEF9866A1F9CD0E9008DC4F7 /* Debug */ = {
			isa = XCBuildConfiguration;
			buildSettings = {
				ASSETCATALOG_COMPILER_APPICON_NAME = AppIcon;
				CODE_SIGN_STYLE = Automatic;
				DEVELOPMENT_TEAM = YJRR7GD37N;
				INFOPLIST_FILE = "dev-profile/Info.plist";
				LD_RUNPATH_SEARCH_PATHS = "$(inherited) @executable_path/Frameworks";
				PRODUCT_BUNDLE_IDENTIFIER = "com.shaypaustovsky.dev-profile";
				PRODUCT_NAME = "$(TARGET_NAME)";
				SWIFT_VERSION = 4.0;
				TARGETED_DEVICE_FAMILY = "1,2";
			};
			name = Debug;
		};
		FEF9866B1F9CD0E9008DC4F7 /* Release */ = {
			isa = XCBuildConfiguration;
			buildSettings = {
				ASSETCATALOG_COMPILER_APPICON_NAME = AppIcon;
				CODE_SIGN_STYLE = Automatic;
				DEVELOPMENT_TEAM = YJRR7GD37N;
				INFOPLIST_FILE = "dev-profile/Info.plist";
				LD_RUNPATH_SEARCH_PATHS = "$(inherited) @executable_path/Frameworks";
				PRODUCT_BUNDLE_IDENTIFIER = "com.shaypaustovsky.dev-profile";
				PRODUCT_NAME = "$(TARGET_NAME)";
				SWIFT_VERSION = 4.0;
				TARGETED_DEVICE_FAMILY = "1,2";
			};
			name = Release;
		};
/* End XCBuildConfiguration section */

/* Begin XCConfigurationList section */
		FEF986521F9CD0E9008DC4F7 /* Build configuration list for PBXProject "dev-profile" */ = {
			isa = XCConfigurationList;
			buildConfigurations = (
				FEF986671F9CD0E9008DC4F7 /* Debug */,
				FEF986681F9CD0E9008DC4F7 /* Release */,
			);
			defaultConfigurationIsVisible = 0;
			defaultConfigurationName = Release;
		};
		FEF986691F9CD0E9008DC4F7 /* Build configuration list for PBXNativeTarget "dev-profile" */ = {
			isa = XCConfigurationList;
			buildConfigurations = (
				FEF9866A1F9CD0E9008DC4F7 /* Debug */,
				FEF9866B1F9CD0E9008DC4F7 /* Release */,
			);
			defaultConfigurationIsVisible = 0;
			defaultConfigurationName = Release;
		};
/* End XCConfigurationList section */
	};
	rootObject = FEF9864F1F9CD0E9008DC4F7 /* Project object */;
}
